{
    "name": "branchie",
    "version": "10.4.1",
    "lockfileVersion": 2,
    "requires": true,
    "packages": {
        "": {
            "name": "branchie",
            "version": "10.4.1",
            "dependencies": {
                "expression-eval": "^5.0.0",
                "stateless": "^1.4.2",
                "toml-js": "^0.0.8",
                "xml2js": "^0.4.23"
            },
            "devDependencies": {
                "@types/uuid": "^8.3.4",
                "@types/xml2js": "^0.4.9"
            }
        },
        "node_modules/@types/node": {
            "version": "17.0.13",
            "resolved": "https://registry.npmmirror.com/@types/node/-/node-17.0.13.tgz",
            "integrity": "sha512-Y86MAxASe25hNzlDbsviXl8jQHb0RDvKt4c40ZJQ1Don0AAL0STLZSs4N+6gLEO55pedy7r2cLwS+ZDxPm/2Bw==",
            "dev": true
        },
        "node_modules/@types/uuid": {
            "version": "8.3.4",
            "resolved": "https://registry.npmmirror.com/@types/uuid/-/uuid-8.3.4.tgz",
            "integrity": "sha512-c/I8ZRb51j+pYGAu5CrFMRxqZ2ke4y2grEBO5AUjgSkSk+qT2Ea+OdWElz/OiMf5MNpn2b17kuVBwZLQJXzihw==",
            "dev": true
        },
        "node_modules/@types/xml2js": {
            "version": "0.4.9",
            "resolved": "https://registry.npmmirror.com/@types/xml2js/-/xml2js-0.4.9.tgz",
            "integrity": "sha512-CHiCKIihl1pychwR2RNX5mAYmJDACgFVCMT5OArMaO3erzwXVcBqPcusr+Vl8yeeXukxZqtF8mZioqX+mpjjdw==",
            "dev": true,
            "dependencies": {
                "@types/node": "*"
            }
        },
        "node_modules/expression-eval": {
            "version": "5.0.0",
            "resolved": "https://registry.npmmirror.com/expression-eval/-/expression-eval-5.0.0.tgz",
            "integrity": "sha512-2H7OBTa/UKBgTVRRb3/lXd+D89cLjClNtldnzOpZYWZK1zBLIlrz8BLWp5f81AAYOc37GbhkCRXtl5Z/q4D91g==",
            "dependencies": {
                "jsep": "^0.3.0"
            }
        },
        "node_modules/expression-eval/node_modules/jsep": {
            "version": "0.3.5",
            "resolved": "https://registry.npmmirror.com/jsep/-/jsep-0.3.5.tgz",
            "integrity": "sha512-AoRLBDc6JNnKjNcmonituEABS5bcfqDhQAWWXNTFrqu6nVXBpBAGfcoTGZMFlIrh9FjmE1CQyX9CTNwZrXMMDA==",
            "engines": {
                "node": ">= 6.0.0"
            }
        },
        "node_modules/sax": {
            "version": "1.2.4",
            "resolved": "https://registry.npmmirror.com/sax/-/sax-1.2.4.tgz",
            "integrity": "sha512-NqVDv9TpANUjFm0N8uM5GxL36UgKi9/atZw+x7YFnQ8ckwFGKrl4xX4yWtrey3UJm5nP1kUbnYgLopqWNSRhWw=="
        },
        "node_modules/stateless": {
            "version": "1.4.2",
            "resolved": "https://registry.npmmirror.com/stateless/-/stateless-1.4.2.tgz",
            "integrity": "sha512-ZSFeUe0HkStJInQgnYT/I3Ga2kZDhOcI10KuJyXLT0R4V2TcCBlj9ZUAHaabpAEVSDW4kHEwaXhWgn3SVcHP0g=="
        },
        "node_modules/toml-js": {
            "version": "0.0.8",
            "resolved": "https://registry.npmmirror.com/toml-js/-/toml-js-0.0.8.tgz",
            "integrity": "sha512-MQUXr5oq9fgOQIcucZuda1BtGUmQRt3Y2z1TY9JT3oUR6gs1qLkbsGfVdlr/gJ6JqrjJdPLO5wNXCgkmvzXNTQ=="
        },
        "node_modules/xml2js": {
            "version": "0.4.23",
            "resolved": "https://registry.npmmirror.com/xml2js/-/xml2js-0.4.23.tgz",
            "integrity": "sha512-ySPiMjM0+pLDftHgXY4By0uswI3SPKLDw/i3UXbnO8M/p28zqexCUoPmQFrYD+/1BzhGJSs2i1ERWKJAtiLrug==",
            "dependencies": {
                "sax": ">=0.6.0",
                "xmlbuilder": "~11.0.0"
            },
            "engines": {
                "node": ">=4.0.0"
            }
        },
        "node_modules/xmlbuilder": {
            "version": "11.0.1",
            "resolved": "https://registry.npmmirror.com/xmlbuilder/-/xmlbuilder-11.0.1.tgz",
            "integrity": "sha512-fDlsI/kFEx7gLvbecc0/ohLG50fugQp8ryHzMTuW9vSa1GJ0XYWKnhsUx7oie3G98+r56aTQIUB4kht42R3JvA==",
            "engines": {
                "node": ">=4.0"
            }
        }
    },
    "dependencies": {
        "@types/node": {
            "version": "17.0.13",
            "resolved": "https://registry.npmmirror.com/@types/node/-/node-17.0.13.tgz",
            "integrity": "sha512-Y86MAxASe25hNzlDbsviXl8jQHb0RDvKt4c40ZJQ1Don0AAL0STLZSs4N+6gLEO55pedy7r2cLwS+ZDxPm/2Bw==",
            "dev": true
        },
        "@types/uuid": {
            "version": "8.3.4",
            "resolved": "https://registry.npmmirror.com/@types/uuid/-/uuid-8.3.4.tgz",
            "integrity": "sha512-c/I8ZRb51j+pYGAu5CrFMRxqZ2ke4y2grEBO5AUjgSkSk+qT2Ea+OdWElz/OiMf5MNpn2b17kuVBwZLQJXzihw==",
            "dev": true
        },
        "@types/xml2js": {
            "version": "0.4.9",
            "resolved": "https://registry.npmmirror.com/@types/xml2js/-/xml2js-0.4.9.tgz",
            "integrity": "sha512-CHiCKIihl1pychwR2RNX5mAYmJDACgFVCMT5OArMaO3erzwXVcBqPcusr+Vl8yeeXukxZqtF8mZioqX+mpjjdw==",
            "dev": true,
            "requires": {
                "@types/node": "*"
            }
        },
        "expression-eval": {
            "version": "5.0.0",
            "resolved": "https://registry.npmmirror.com/expression-eval/-/expression-eval-5.0.0.tgz",
            "integrity": "sha512-2H7OBTa/UKBgTVRRb3/lXd+D89cLjClNtldnzOpZYWZK1zBLIlrz8BLWp5f81AAYOc37GbhkCRXtl5Z/q4D91g==",
            "requires": {
                "jsep": "^0.3.0"
            },
            "dependencies": {
                "jsep": {
                    "version": "0.3.5",
                    "resolved": "https://registry.npmmirror.com/jsep/-/jsep-0.3.5.tgz",
                    "integrity": "sha512-AoRLBDc6JNnKjNcmonituEABS5bcfqDhQAWWXNTFrqu6nVXBpBAGfcoTGZMFlIrh9FjmE1CQyX9CTNwZrXMMDA=="
                }
            }
        },
        "sax": {
            "version": "1.2.4",
            "resolved": "https://registry.npmmirror.com/sax/-/sax-1.2.4.tgz",
            "integrity": "sha512-NqVDv9TpANUjFm0N8uM5GxL36UgKi9/atZw+x7YFnQ8ckwFGKrl4xX4yWtrey3UJm5nP1kUbnYgLopqWNSRhWw=="
        },
        "stateless": {
            "version": "1.4.2",
            "resolved": "https://registry.npmmirror.com/stateless/-/stateless-1.4.2.tgz",
            "integrity": "sha512-ZSFeUe0HkStJInQgnYT/I3Ga2kZDhOcI10KuJyXLT0R4V2TcCBlj9ZUAHaabpAEVSDW4kHEwaXhWgn3SVcHP0g=="
        },
        "toml-js": {
            "version": "0.0.8",
            "resolved": "https://registry.npmmirror.com/toml-js/-/toml-js-0.0.8.tgz",
            "integrity": "sha512-MQUXr5oq9fgOQIcucZuda1BtGUmQRt3Y2z1TY9JT3oUR6gs1qLkbsGfVdlr/gJ6JqrjJdPLO5wNXCgkmvzXNTQ=="
        },
        "xml2js": {
            "version": "0.4.23",
            "resolved": "https://registry.npmmirror.com/xml2js/-/xml2js-0.4.23.tgz",
            "integrity": "sha512-ySPiMjM0+pLDftHgXY4By0uswI3SPKLDw/i3UXbnO8M/p28zqexCUoPmQFrYD+/1BzhGJSs2i1ERWKJAtiLrug==",
            "requires": {
                "sax": ">=0.6.0",
                "xmlbuilder": "~11.0.0"
            }
        },
        "xmlbuilder": {
            "version": "11.0.1",
            "resolved": "https://registry.npmmirror.com/xmlbuilder/-/xmlbuilder-11.0.1.tgz",
            "integrity": "sha512-fDlsI/kFEx7gLvbecc0/ohLG50fugQp8ryHzMTuW9vSa1GJ0XYWKnhsUx7oie3G98+r56aTQIUB4kht42R3JvA=="
        }
    }
}
